github.com/go-logr/logr v1.2.0 h1:QK40JKJyMdUDz+h+xvCsru/bJhvG0UxvePV0ufL/AcE=
github.com/go-logr/logr v1.2.0/go.mod h1:jdQByPbusPIv2/zmleS9BjJVeZ6kBagPoEUsqbVz/1A=
github.com/yuin/goldmark v1.4.12 h1:6hffw6vALvEDqJ19dOJvJKOoAOKe4NDaTqvd2sktGN0=
github.com/yuin/goldmark v1.4.12/go.mod h1:6yULJ656Px+3vBD8DxQVa3kxgyrAnzto9xy5taEt/CY=
k8s.io/klog/v2 v2.70.1 h1:7aaoSdahviPmR+XkS7FyxlkkXs6tHISSG03RxleQAVQ=
k8s.io/klog/v2 v2.70.1/go.mod h1:y1WjHnz7Dj687irZUWR/WLkLc5N1YHtjLdmgWjndZn0=
