gopkg.in/check.v1 v0.0.0-20161208181325-20d25e280405/go.mod h1:Co6ibVJAznAaIkqp8huTwlJQCZ016jof/cbN4VW5Yz0=
gopkg.in/yaml.v3 v3.0.0-20190924164351-c8b7dadae555 h1:4Yrwvx9yMvZx+vK3wdX7aX2UCNZJJn0TDc+BNOJTE00=
gopkg.in/yaml.v3 v3.0.0-20190924164351-c8b7dadae555/go.mod h1:K4uyk7z7BCEPqu6E+C64Yfv1cQ7kz7rIZviUmN+EgEM=
